
Microsoft Visual Studio Solution File, Format Version 12.00
# Visual Studio 15
VisualStudioVersion = 15.0.28307.421
MinimumVisualStudioVersion = 10.0.40219.1
Project("{FAE04EC0-301F-11D3-BF4B-00C04F79EFBC}") = "PhantomLibExample", "PhantomLibExample\PhantomLibExample.csproj", "{1EA01BF2-A5E5-476E-9864-1A602F125757}"
EndProject
Project("{FAE04EC0-301F-11D3-BF4B-00C04F79EFBC}") = "PhantomLibWFExample", "PhantomLibWFExample\PhantomLibWFExample.csproj", "{9BA8E08E-F81F-4510-8167-DD7ADEDA2544}"
EndProject
Project("{FAE04EC0-301F-11D3-BF4B-00C04F79EFBC}") = "PhantomLibSim", "PhantomLibSim\PhantomLibSim.csproj", "{22579346-AEE8-4292-85FD-4C9EFBDA75B9}"
EndProject
Global
	GlobalSection(SolutionConfigurationPlatforms) = preSolution
		Debug|Any CPU = Debug|Any CPU
		Release|Any CPU = Release|Any CPU
	EndGlobalSection
	GlobalSection(ProjectConfigurationPlatforms) = postSolution
		{1EA01BF2-A5E5-476E-9864-1A602F125757}.Debug|Any CPU.ActiveCfg = Debug|Any CPU
		{1EA01BF2-A5E5-476E-9864-1A602F125757}.Debug|Any CPU.Build.0 = Debug|Any CPU
		{1EA01BF2-A5E5-476E-9864-1A602F125757}.Release|Any CPU.ActiveCfg = Release|Any CPU
		{1EA01BF2-A5E5-476E-9864-1A602F125757}.Release|Any CPU.Build.0 = Release|Any CPU
		{9BA8E08E-F81F-4510-8167-DD7ADEDA2544}.Debug|Any CPU.ActiveCfg = Debug|Any CPU
		{9BA8E08E-F81F-4510-8167-DD7ADEDA2544}.Debug|Any CPU.Build.0 = Debug|Any CPU
		{9BA8E08E-F81F-4510-8167-DD7ADEDA2544}.Release|Any CPU.ActiveCfg = Release|Any CPU
		{9BA8E08E-F81F-4510-8167-DD7ADEDA2544}.Release|Any CPU.Build.0 = Release|Any CPU
		{22579346-AEE8-4292-85FD-4C9EFBDA75B9}.Debug|Any CPU.ActiveCfg = Debug|Any CPU
		{22579346-AEE8-4292-85FD-4C9EFBDA75B9}.Debug|Any CPU.Build.0 = Debug|Any CPU
		{22579346-AEE8-4292-85FD-4C9EFBDA75B9}.Release|Any CPU.ActiveCfg = Release|Any CPU
		{22579346-AEE8-4292-85FD-4C9EFBDA75B9}.Release|Any CPU.Build.0 = Release|Any CPU
	EndGlobalSection
	GlobalSection(SolutionProperties) = preSolution
		HideSolutionNode = FALSE
	EndGlobalSection
	GlobalSection(ExtensibilityGlobals) = postSolution
		SolutionGuid = {7B8295BC-5C0A-4DD3-A349-869D7C6AA7BF}
	EndGlobalSection
EndGlobal
